
Microsoft Visual Studio Solution File, Format Version 12.00
Project("{FAE04EC0-301F-11D3-BF4B-00C04F79EFBC}") = "Namespace", "Namespace\Namespace.csproj", "{5CE1BD8A-AA08-4389-9D22-B568D22E7EB6}"
EndProject
Project("{FAE04EC0-301F-11D3-BF4B-00C04F79EFBC}") = "ExHandling1", "ExHandling1\ExHandling1.csproj", "{DB3B6B58-8DFA-4453-8141-F443A56145B6}"
EndProject
Project("{FAE04EC0-301F-11D3-BF4B-00C04F79EFBC}") = "ExHandling2", "ExHandling2\ExHandling2.csproj", "{C3926B84-60AE-4AD0-A818-AD103722C6B2}"
EndProject
Project("{FAE04EC0-301F-11D3-BF4B-00C04F79EFBC}") = "ExHandling3", "ExHandling3\ExHandling3.csproj", "{3C93FD2C-CCFC-4D4B-B9E1-367B6D9F7084}"
EndProject
Project("{FAE04EC0-301F-11D3-BF4B-00C04F79EFBC}") = "FinallyStmt", "FinallyStmt\FinallyStmt.csproj", "{5D4A8F65-257A-40EE-A91C-237904A8F0B1}"
EndProject
Project("{FAE04EC0-301F-11D3-BF4B-00C04F79EFBC}") = "Exercise 1", "Exercise 1\Exercise 1.csproj", "{C270BE7F-47AE-4D84-93D9-F1CD78F4E371}"
EndProject
Project("{FAE04EC0-301F-11D3-BF4B-00C04F79EFBC}") = "Exercise2", "Exercise2\Exercise2.csproj", "{4EBE267E-C8C7-4F98-BC7E-0017FEAA2EDA}"
EndProject
Global
	GlobalSection(SolutionConfigurationPlatforms) = preSolution
		Debug|Any CPU = Debug|Any CPU
		Release|Any CPU = Release|Any CPU
	EndGlobalSection
	GlobalSection(ProjectConfigurationPlatforms) = postSolution
		{5CE1BD8A-AA08-4389-9D22-B568D22E7EB6}.Debug|Any CPU.ActiveCfg = Debug|Any CPU
		{5CE1BD8A-AA08-4389-9D22-B568D22E7EB6}.Debug|Any CPU.Build.0 = Debug|Any CPU
		{5CE1BD8A-AA08-4389-9D22-B568D22E7EB6}.Release|Any CPU.ActiveCfg = Release|Any CPU
		{5CE1BD8A-AA08-4389-9D22-B568D22E7EB6}.Release|Any CPU.Build.0 = Release|Any CPU
		{DB3B6B58-8DFA-4453-8141-F443A56145B6}.Debug|Any CPU.ActiveCfg = Debug|Any CPU
		{DB3B6B58-8DFA-4453-8141-F443A56145B6}.Debug|Any CPU.Build.0 = Debug|Any CPU
		{DB3B6B58-8DFA-4453-8141-F443A56145B6}.Release|Any CPU.ActiveCfg = Release|Any CPU
		{DB3B6B58-8DFA-4453-8141-F443A56145B6}.Release|Any CPU.Build.0 = Release|Any CPU
		{C3926B84-60AE-4AD0-A818-AD103722C6B2}.Debug|Any CPU.ActiveCfg = Debug|Any CPU
		{C3926B84-60AE-4AD0-A818-AD103722C6B2}.Debug|Any CPU.Build.0 = Debug|Any CPU
		{C3926B84-60AE-4AD0-A818-AD103722C6B2}.Release|Any CPU.ActiveCfg = Release|Any CPU
		{C3926B84-60AE-4AD0-A818-AD103722C6B2}.Release|Any CPU.Build.0 = Release|Any CPU
		{3C93FD2C-CCFC-4D4B-B9E1-367B6D9F7084}.Debug|Any CPU.ActiveCfg = Debug|Any CPU
		{3C93FD2C-CCFC-4D4B-B9E1-367B6D9F7084}.Debug|Any CPU.Build.0 = Debug|Any CPU
		{3C93FD2C-CCFC-4D4B-B9E1-367B6D9F7084}.Release|Any CPU.ActiveCfg = Release|Any CPU
		{3C93FD2C-CCFC-4D4B-B9E1-367B6D9F7084}.Release|Any CPU.Build.0 = Release|Any CPU
		{5D4A8F65-257A-40EE-A91C-237904A8F0B1}.Debug|Any CPU.ActiveCfg = Debug|Any CPU
		{5D4A8F65-257A-40EE-A91C-237904A8F0B1}.Debug|Any CPU.Build.0 = Debug|Any CPU
		{5D4A8F65-257A-40EE-A91C-237904A8F0B1}.Release|Any CPU.ActiveCfg = Release|Any CPU
		{5D4A8F65-257A-40EE-A91C-237904A8F0B1}.Release|Any CPU.Build.0 = Release|Any CPU
		{C270BE7F-47AE-4D84-93D9-F1CD78F4E371}.Debug|Any CPU.ActiveCfg = Debug|Any CPU
		{C270BE7F-47AE-4D84-93D9-F1CD78F4E371}.Debug|Any CPU.Build.0 = Debug|Any CPU
		{C270BE7F-47AE-4D84-93D9-F1CD78F4E371}.Release|Any CPU.ActiveCfg = Release|Any CPU
		{C270BE7F-47AE-4D84-93D9-F1CD78F4E371}.Release|Any CPU.Build.0 = Release|Any CPU
		{4EBE267E-C8C7-4F98-BC7E-0017FEAA2EDA}.Debug|Any CPU.ActiveCfg = Debug|Any CPU
		{4EBE267E-C8C7-4F98-BC7E-0017FEAA2EDA}.Debug|Any CPU.Build.0 = Debug|Any CPU
		{4EBE267E-C8C7-4F98-BC7E-0017FEAA2EDA}.Release|Any CPU.ActiveCfg = Release|Any CPU
		{4EBE267E-C8C7-4F98-BC7E-0017FEAA2EDA}.Release|Any CPU.Build.0 = Release|Any CPU
	EndGlobalSection
EndGlobal
